# THIS IS AN AUTOGENERATED FILE. DO NOT EDIT THIS FILE DIRECTLY.
# yarn lockfile v1


sha1sum@^0.0.1:
  version "0.0.1"
  resolved "https://registry.yarnpkg.com/sha1sum/-/sha1sum-0.0.1.tgz#c882e2fc597d001f7789b87bbc074b10e66a9c15"
  integrity sha512-C2bw966bMln5FVCu1EBRDt/33hUyN+ixeYnyjemjwkgeoCzJYwkTPrMJAj8TTZCcRZWvIZpkyTIenfrk/Tshew==
